
Microsoft Visual Studio Solution File, Format Version 12.00
# Visual Studio 15
Project("{FAE04EC0-301F-11D3-BF4B-00C04F79EFBC}") = "Assembly-CSharp-Editor", "Assembly-CSharp-Editor.csproj", "{C5225D1A-FAFF-4376-597C-E6F72F3661F9}"
EndProject
Project("{FAE04EC0-301F-11D3-BF4B-00C04F79EFBC}") = "Assembly-CSharp", "Assembly-CSharp.csproj", "{6DA50043-C0A7-C2BC-23E2-AEDF726CA51A}"
EndProject
Global
	GlobalSection(SolutionConfigurationPlatforms) = preSolution
		Debug|Any CPU = Debug|Any CPU
		Release|Any CPU = Release|Any CPU
	EndGlobalSection
	GlobalSection(ProjectConfigurationPlatforms) = postSolution
		{C5225D1A-FAFF-4376-597C-E6F72F3661F9}.Debug|Any CPU.ActiveCfg = Debug|Any CPU
		{C5225D1A-FAFF-4376-597C-E6F72F3661F9}.Debug|Any CPU.Build.0 = Debug|Any CPU
		{C5225D1A-FAFF-4376-597C-E6F72F3661F9}.Release|Any CPU.ActiveCfg = Release|Any CPU
		{C5225D1A-FAFF-4376-597C-E6F72F3661F9}.Release|Any CPU.Build.0 = Release|Any CPU
		{6DA50043-C0A7-C2BC-23E2-AEDF726CA51A}.Debug|Any CPU.ActiveCfg = Debug|Any CPU
		{6DA50043-C0A7-C2BC-23E2-AEDF726CA51A}.Debug|Any CPU.Build.0 = Debug|Any CPU
		{6DA50043-C0A7-C2BC-23E2-AEDF726CA51A}.Release|Any CPU.ActiveCfg = Release|Any CPU
		{6DA50043-C0A7-C2BC-23E2-AEDF726CA51A}.Release|Any CPU.Build.0 = Release|Any CPU
	EndGlobalSection
	GlobalSection(SolutionProperties) = preSolution
		HideSolutionNode = FALSE
	EndGlobalSection
EndGlobal
